// !$*UTF8*$!
{
	archiveVersion = 1;
	classes = {
	};
	objectVersion = 48;
	objects = {

/* Begin PBXBuildFile section */
		14541E182044812A00A32350 /* DataService.swift in Sources */ = {isa = PBXBuildFile; fileRef = 14541E172044812A00A32350 /* DataService.swift */; };
		14541E1B2044A59300A32350 /* UIViewExtensions.swift in Sources */ = {isa = PBXBuildFile; fileRef = 14541E1A2044A59300A32350 /* UIViewExtensions.swift */; };
		14541E1D2044B3B200A32350 /* GoogleService-Info.plist in Resources */ = {isa = PBXBuildFile; fileRef = 14541E1C2044B3B200A32350 /* GoogleService-Info.plist */; };
		14541E1F2044B5B000A32350 /* AuthService.swift in Sources */ = {isa = PBXBuildFile; fileRef = 14541E1E2044B5B000A32350 /* AuthService.swift */; };
		14541E212044B7B800A32350 /* Group.swift in Sources */ = {isa = PBXBuildFile; fileRef = 14541E202044B7B800A32350 /* Group.swift */; };
		14541E232044BC0E00A32350 /* AuthViewController.swift in Sources */ = {isa = PBXBuildFile; fileRef = 14541E222044BC0E00A32350 /* AuthViewController.swift */; };
		14541E272044BF0800A32350 /* ProfileViewController.swift in Sources */ = {isa = PBXBuildFile; fileRef = 14541E262044BF0800A32350 /* ProfileViewController.swift */; };
		146FE2BF20291A1300686A62 /* OpenSans-Italic.ttf in Resources */ = {isa = PBXBuildFile; fileRef = 146FE2BE20291A1300686A62 /* OpenSans-Italic.ttf */; };
		146FE2C1202A045B00686A62 /* TabBarViewController.swift in Sources */ = {isa = PBXBuildFile; fileRef = 146FE2C0202A045B00686A62 /* TabBarViewController.swift */; };
		146FE2C9202A2C6800686A62 /* NoticeTableViewCell.swift in Sources */ = {isa = PBXBuildFile; fileRef = 146FE2C7202A2C6800686A62 /* NoticeTableViewCell.swift */; };
		146FE2CA202A2C6800686A62 /* NoticeTableViewCell.xib in Resources */ = {isa = PBXBuildFile; fileRef = 146FE2C8202A2C6800686A62 /* NoticeTableViewCell.xib */; };
		146FE2D4202A461900686A62 /* OpenSans-Regular.ttf in Resources */ = {isa = PBXBuildFile; fileRef = 146FE2D3202A461900686A62 /* OpenSans-Regular.ttf */; };
		146FE2D6202A4AEE00686A62 /* Message.swift in Sources */ = {isa = PBXBuildFile; fileRef = 146FE2D5202A4AEE00686A62 /* Message.swift */; };
		149328DF2032040D0095AE91 /* GroupTableViewCell.swift in Sources */ = {isa = PBXBuildFile; fileRef = 149328DD2032040D0095AE91 /* GroupTableViewCell.swift */; };
		149328E02032040D0095AE91 /* GroupTableViewCell.xib in Resources */ = {isa = PBXBuildFile; fileRef = 149328DE2032040D0095AE91 /* GroupTableViewCell.xib */; };
		149328E7203344A30095AE91 /* MessageTableViewCell.swift in Sources */ = {isa = PBXBuildFile; fileRef = 149328E5203344A30095AE91 /* MessageTableViewCell.swift */; };
		149328E8203344A30095AE91 /* MessageTableViewCell.xib in Resources */ = {isa = PBXBuildFile; fileRef = 149328E6203344A30095AE91 /* MessageTableViewCell.xib */; };
		14BFD7DC2024D5DD0028FADB /* AppDelegate.swift in Sources */ = {isa = PBXBuildFile; fileRef = 14BFD7DB2024D5DD0028FADB /* AppDelegate.swift */; };
		14BFD7E12024D5DD0028FADB /* Main.storyboard in Resources */ = {isa = PBXBuildFile; fileRef = 14BFD7DF2024D5DD0028FADB /* Main.storyboard */; };
		14BFD7E32024D5DD0028FADB /* Assets.xcassets in Resources */ = {isa = PBXBuildFile; fileRef = 14BFD7E22024D5DD0028FADB /* Assets.xcassets */; };
		14BFD7E62024D5DD0028FADB /* LaunchScreen.storyboard in Resources */ = {isa = PBXBuildFile; fileRef = 14BFD7E42024D5DD0028FADB /* LaunchScreen.storyboard */; };
		14BFD7F320250B7D0028FADB /* GroupViewController.swift in Sources */ = {isa = PBXBuildFile; fileRef = 14BFD7F220250B7D0028FADB /* GroupViewController.swift */; };
		14BFD7F520250F400028FADB /* EventViewController.swift in Sources */ = {isa = PBXBuildFile; fileRef = 14BFD7F420250F400028FADB /* EventViewController.swift */; };
		14BFD7F7202510540028FADB /* ChatViewController.swift in Sources */ = {isa = PBXBuildFile; fileRef = 14BFD7F6202510540028FADB /* ChatViewController.swift */; };
		14BFD7FA20251B230028FADB /* Roboto-Regular.ttf in Resources */ = {isa = PBXBuildFile; fileRef = 14BFD7F920251B220028FADB /* Roboto-Regular.ttf */; };
		14E599652027CE600075B5D1 /* Roboto-Bold.ttf in Resources */ = {isa = PBXBuildFile; fileRef = 14E599642027CE5F0075B5D1 /* Roboto-Bold.ttf */; };
		8077459D63AC98ABB2EC339F /* Pods_UR_Invited.framework in Frameworks */ = {isa = PBXBuildFile; fileRef = 8A0F5E158561D8C021489548 /* Pods_UR_Invited.framework */; };
/* End PBXBuildFile section */

/* Begin PBXFileReference section */
		14541E172044812A00A32350 /* DataService.swift */ = {isa = PBXFileReference; lastKnownFileType = sourcecode.swift; path = DataService.swift; sourceTree = "<group>"; };
		14541E1A2044A59300A32350 /* UIViewExtensions.swift */ = {isa = PBXFileReference; lastKnownFileType = sourcecode.swift; path = UIViewExtensions.swift; sourceTree = "<group>"; };
		14541E1C2044B3B200A32350 /* GoogleService-Info.plist */ = {isa = PBXFileReference; fileEncoding = 4; lastKnownFileType = text.plist.xml; path = "GoogleService-Info.plist"; sourceTree = "<group>"; };
		14541E1E2044B5B000A32350 /* AuthService.swift */ = {isa = PBXFileReference; lastKnownFileType = sourcecode.swift; path = AuthService.swift; sourceTree = "<group>"; };
		14541E202044B7B800A32350 /* Group.swift */ = {isa = PBXFileReference; lastKnownFileType = sourcecode.swift; path = Group.swift; sourceTree = "<group>"; };
		14541E222044BC0E00A32350 /* AuthViewController.swift */ = {isa = PBXFileReference; lastKnownFileType = sourcecode.swift; path = AuthViewController.swift; sourceTree = "<group>"; };
		14541E262044BF0800A32350 /* ProfileViewController.swift */ = {isa = PBXFileReference; lastKnownFileType = sourcecode.swift; path = ProfileViewController.swift; sourceTree = "<group>"; };
		146FE2BE20291A1300686A62 /* OpenSans-Italic.ttf */ = {isa = PBXFileReference; lastKnownFileType = file; path = "OpenSans-Italic.ttf"; sourceTree = "<group>"; };
		146FE2C0202A045B00686A62 /* TabBarViewController.swift */ = {isa = PBXFileReference; lastKnownFileType = sourcecode.swift; path = TabBarViewController.swift; sourceTree = "<group>"; };
		146FE2C7202A2C6800686A62 /* NoticeTableViewCell.swift */ = {isa = PBXFileReference; lastKnownFileType = sourcecode.swift; path = NoticeTableViewCell.swift; sourceTree = "<group>"; };
		146FE2C8202A2C6800686A62 /* NoticeTableViewCell.xib */ = {isa = PBXFileReference; lastKnownFileType = file.xib; path = NoticeTableViewCell.xib; sourceTree = "<group>"; };
		146FE2D3202A461900686A62 /* OpenSans-Regular.ttf */ = {isa = PBXFileReference; lastKnownFileType = file; path = "OpenSans-Regular.ttf"; sourceTree = "<group>"; };
		146FE2D5202A4AEE00686A62 /* Message.swift */ = {isa = PBXFileReference; lastKnownFileType = sourcecode.swift; path = Message.swift; sourceTree = "<group>"; };
		149328DD2032040D0095AE91 /* GroupTableViewCell.swift */ = {isa = PBXFileReference; lastKnownFileType = sourcecode.swift; path = GroupTableViewCell.swift; sourceTree = "<group>"; };
		149328DE2032040D0095AE91 /* GroupTableViewCell.xib */ = {isa = PBXFileReference; lastKnownFileType = file.xib; path = GroupTableViewCell.xib; sourceTree = "<group>"; };
		149328E5203344A30095AE91 /* MessageTableViewCell.swift */ = {isa = PBXFileReference; lastKnownFileType = sourcecode.swift; path = MessageTableViewCell.swift; sourceTree = "<group>"; };
		149328E6203344A30095AE91 /* MessageTableViewCell.xib */ = {isa = PBXFileReference; lastKnownFileType = file.xib; path = MessageTableViewCell.xib; sourceTree = "<group>"; };
		14BFD7D82024D5DD0028FADB /* UR Invited.app */ = {isa = PBXFileReference; explicitFileType = wrapper.application; includeInIndex = 0; path = "UR Invited.app"; sourceTree = BUILT_PRODUCTS_DIR; };
		14BFD7DB2024D5DD0028FADB /* AppDelegate.swift */ = {isa = PBXFileReference; lastKnownFileType = sourcecode.swift; path = AppDelegate.swift; sourceTree = "<group>"; };
		14BFD7E02024D5DD0028FADB /* Base */ = {isa = PBXFileReference; lastKnownFileType = file.storyboard; name = Base; path = Base.lproj/Main.storyboard; sourceTree = "<group>"; };
		14BFD7E22024D5DD0028FADB /* Assets.xcassets */ = {isa = PBXFileReference; lastKnownFileType = folder.assetcatalog; path = Assets.xcassets; sourceTree = "<group>"; };
		14BFD7E52024D5DD0028FADB /* Base */ = {isa = PBXFileReference; lastKnownFileType = file.storyboard; name = Base; path = Base.lproj/LaunchScreen.storyboard; sourceTree = "<group>"; };
		14BFD7E72024D5DD0028FADB /* Info.plist */ = {isa = PBXFileReference; lastKnownFileType = text.plist.xml; path = Info.plist; sourceTree = "<group>"; };
		14BFD7F220250B7D0028FADB /* GroupViewController.swift */ = {isa = PBXFileReference; lastKnownFileType = sourcecode.swift; path = GroupViewController.swift; sourceTree = "<group>"; };
		14BFD7F420250F400028FADB /* EventViewController.swift */ = {isa = PBXFileReference; lastKnownFileType = sourcecode.swift; path = EventViewController.swift; sourceTree = "<group>"; };
		14BFD7F6202510540028FADB /* ChatViewController.swift */ = {isa = PBXFileReference; lastKnownFileType = sourcecode.swift; path = ChatViewController.swift; sourceTree = "<group>"; };
		14BFD7F920251B220028FADB /* Roboto-Regular.ttf */ = {isa = PBXFileReference; lastKnownFileType = file; path = "Roboto-Regular.ttf"; sourceTree = "<group>"; };
		14E599642027CE5F0075B5D1 /* Roboto-Bold.ttf */ = {isa = PBXFileReference; lastKnownFileType = file; path = "Roboto-Bold.ttf"; sourceTree = "<group>"; };
		38516628B03175CE2D1C1E7B /* Pods-UR Invited.release.xcconfig */ = {isa = PBXFileReference; includeInIndex = 1; lastKnownFileType = text.xcconfig; name = "Pods-UR Invited.release.xcconfig"; path = "Pods/Target Support Files/Pods-UR Invited/Pods-UR Invited.release.xcconfig"; sourceTree = "<group>"; };
		7BA778D5E3DB154AC1EDABB5 /* Pods-UR Invited.debug.xcconfig */ = {isa = PBXFileReference; includeInIndex = 1; lastKnownFileType = text.xcconfig; name = "Pods-UR Invited.debug.xcconfig"; path = "Pods/Target Support Files/Pods-UR Invited/Pods-UR Invited.debug.xcconfig"; sourceTree = "<group>"; };
		8A0F5E158561D8C021489548 /* Pods_UR_Invited.framework */ = {isa = PBXFileReference; explicitFileType = wrapper.framework; includeInIndex = 0; path = Pods_UR_Invited.framework; sourceTree = BUILT_PRODUCTS_DIR; };
/* End PBXFileReference section */

/* Begin PBXFrameworksBuildPhase section */
		14BFD7D52024D5DD0028FADB /* Frameworks */ = {
			isa = PBXFrameworksBuildPhase;
			buildActionMask = 2147483647;
			files = (
				8077459D63AC98ABB2EC339F /* Pods_UR_Invited.framework in Frameworks */,
			);
			runOnlyForDeploymentPostprocessing = 0;
		};
/* End PBXFrameworksBuildPhase section */

/* Begin PBXGroup section */
		14541E192044A56700A32350 /* Extensions */ = {
			isa = PBXGroup;
			children = (
				14541E1A2044A59300A32350 /* UIViewExtensions.swift */,
			);
			path = Extensions;
			sourceTree = "<group>";
		};
		14605A7A20373D6F00B202BC /* Services */ = {
			isa = PBXGroup;
			children = (
				14541E172044812A00A32350 /* DataService.swift */,
				14541E1E2044B5B000A32350 /* AuthService.swift */,
			);
			path = Services;
			sourceTree = "<group>";
		};
		146FE2C6202A1E4600686A62 /* Xibs */ = {
			isa = PBXGroup;
			children = (
				149328DE2032040D0095AE91 /* GroupTableViewCell.xib */,
				146FE2C8202A2C6800686A62 /* NoticeTableViewCell.xib */,
				149328E6203344A30095AE91 /* MessageTableViewCell.xib */,
			);
			path = Xibs;
			sourceTree = "<group>";
		};
		14BFD7CF2024D5DD0028FADB = {
			isa = PBXGroup;
			children = (
				14BFD7DA2024D5DD0028FADB /* UR Invited */,
				14BFD7D92024D5DD0028FADB /* Products */,
				706AA2C11440F9815589B2BE /* Pods */,
				553B5597DA517392BCF37474 /* Frameworks */,
			);
			sourceTree = "<group>";
		};
		14BFD7D92024D5DD0028FADB /* Products */ = {
			isa = PBXGroup;
			children = (
				14BFD7D82024D5DD0028FADB /* UR Invited.app */,
			);
			name = Products;
			sourceTree = "<group>";
		};
		14BFD7DA2024D5DD0028FADB /* UR Invited */ = {
			isa = PBXGroup;
			children = (
				14541E192044A56700A32350 /* Extensions */,
				14605A7A20373D6F00B202BC /* Services */,
				14BFD7EE2024E2B50028FADB /* Model */,
				14BFD7EF2024E2D80028FADB /* View */,
				14BFD7F02024E2EE0028FADB /* Controller */,
				14BFD7F12024E4900028FADB /* Supporting Files */,
				14BFD7E22024D5DD0028FADB /* Assets.xcassets */,
				14541E1C2044B3B200A32350 /* GoogleService-Info.plist */,
			);
			path = "UR Invited";
			sourceTree = "<group>";
		};
		14BFD7EE2024E2B50028FADB /* Model */ = {
			isa = PBXGroup;
			children = (
				146FE2D5202A4AEE00686A62 /* Message.swift */,
				14541E202044B7B800A32350 /* Group.swift */,
			);
			path = Model;
			sourceTree = "<group>";
		};
		14BFD7EF2024E2D80028FADB /* View */ = {
			isa = PBXGroup;
			children = (
				14BFD7DF2024D5DD0028FADB /* Main.storyboard */,
				14BFD7E42024D5DD0028FADB /* LaunchScreen.storyboard */,
				14BFD7F820251AFC0028FADB /* Fonts */,
				146FE2C6202A1E4600686A62 /* Xibs */,
				146FE2C7202A2C6800686A62 /* NoticeTableViewCell.swift */,
				149328DD2032040D0095AE91 /* GroupTableViewCell.swift */,
				149328E5203344A30095AE91 /* MessageTableViewCell.swift */,
			);
			path = View;
			sourceTree = "<group>";
		};
		14BFD7F02024E2EE0028FADB /* Controller */ = {
			isa = PBXGroup;
			children = (
				14BFD7DB2024D5DD0028FADB /* AppDelegate.swift */,
				14BFD7F220250B7D0028FADB /* GroupViewController.swift */,
				14BFD7F420250F400028FADB /* EventViewController.swift */,
				14BFD7F6202510540028FADB /* ChatViewController.swift */,
				146FE2C0202A045B00686A62 /* TabBarViewController.swift */,
				14541E222044BC0E00A32350 /* AuthViewController.swift */,
				14541E262044BF0800A32350 /* ProfileViewController.swift */,
			);
			path = Controller;
			sourceTree = "<group>";
		};
		14BFD7F12024E4900028FADB /* Supporting Files */ = {
			isa = PBXGroup;
			children = (
				14BFD7E72024D5DD0028FADB /* Info.plist */,
			);
			path = "Supporting Files";
			sourceTree = "<group>";
		};
		14BFD7F820251AFC0028FADB /* Fonts */ = {
			isa = PBXGroup;
			children = (
				14E599642027CE5F0075B5D1 /* Roboto-Bold.ttf */,
				14BFD7F920251B220028FADB /* Roboto-Regular.ttf */,
				146FE2D3202A461900686A62 /* OpenSans-Regular.ttf */,
				146FE2BE20291A1300686A62 /* OpenSans-Italic.ttf */,
			);
			path = Fonts;
			sourceTree = "<group>";
		};
		553B5597DA517392BCF37474 /* Frameworks */ = {
			isa = PBXGroup;
			children = (
				8A0F5E158561D8C021489548 /* Pods_UR_Invited.framework */,
			);
			name = Frameworks;
			sourceTree = "<group>";
		};
		706AA2C11440F9815589B2BE /* Pods */ = {
			isa = PBXGroup;
			children = (
				7BA778D5E3DB154AC1EDABB5 /* Pods-UR Invited.debug.xcconfig */,
				38516628B03175CE2D1C1E7B /* Pods-UR Invited.release.xcconfig */,
			);
			name = Pods;
			sourceTree = "<group>";
		};
/* End PBXGroup section */

/* Begin PBXNativeTarget section */
		14BFD7D72024D5DD0028FADB /* UR Invited */ = {
			isa = PBXNativeTarget;
			buildConfigurationList = 14BFD7EA2024D5DD0028FADB /* Build configuration list for PBXNativeTarget "UR Invited" */;
			buildPhases = (
				7016D4AF87B113831D9E33F3 /* [CP] Check Pods Manifest.lock */,
				14BFD7D42024D5DD0028FADB /* Sources */,
				14BFD7D52024D5DD0028FADB /* Frameworks */,
				14BFD7D62024D5DD0028FADB /* Resources */,
				A823E979F5FD0712F17F3954 /* [CP] Embed Pods Frameworks */,
				85946D42A12E41BFF3216F2A /* [CP] Copy Pods Resources */,
			);
			buildRules = (
			);
			dependencies = (
			);
			name = "UR Invited";
			productName = "UR Invited";
			productReference = 14BFD7D82024D5DD0028FADB /* UR Invited.app */;
			productType = "com.apple.product-type.application";
		};
/* End PBXNativeTarget section */

/* Begin PBXProject section */
		14BFD7D02024D5DD0028FADB /* Project object */ = {
			isa = PBXProject;
			attributes = {
				LastSwiftUpdateCheck = 0920;
				LastUpgradeCheck = 0920;
				ORGANIZATIONNAME = "MJ Invited LLC";
				TargetAttributes = {
					14BFD7D72024D5DD0028FADB = {
						CreatedOnToolsVersion = 9.2;
						ProvisioningStyle = Automatic;
					};
				};
			};
			buildConfigurationList = 14BFD7D32024D5DD0028FADB /* Build configuration list for PBXProject "UR Invited" */;
			compatibilityVersion = "Xcode 8.0";
			developmentRegion = en;
			hasScannedForEncodings = 0;
			knownRegions = (
				en,
				Base,
			);
			mainGroup = 14BFD7CF2024D5DD0028FADB;
			productRefGroup = 14BFD7D92024D5DD0028FADB /* Products */;
			projectDirPath = "";
			projectRoot = "";
			targets = (
				14BFD7D72024D5DD0028FADB /* UR Invited */,
			);
		};
/* End PBXProject section */

/* Begin PBXResourcesBuildPhase section */
		14BFD7D62024D5DD0028FADB /* Resources */ = {
			isa = PBXResourcesBuildPhase;
			buildActionMask = 2147483647;
			files = (
				14BFD7E62024D5DD0028FADB /* LaunchScreen.storyboard in Resources */,
				146FE2D4202A461900686A62 /* OpenSans-Regular.ttf in Resources */,
				149328E8203344A30095AE91 /* MessageTableViewCell.xib in Resources */,
				14BFD7E32024D5DD0028FADB /* Assets.xcassets in Resources */,
				14E599652027CE600075B5D1 /* Roboto-Bold.ttf in Resources */,
				14541E1D2044B3B200A32350 /* GoogleService-Info.plist in Resources */,
				149328E02032040D0095AE91 /* GroupTableViewCell.xib in Resources */,
				146FE2BF20291A1300686A62 /* OpenSans-Italic.ttf in Resources */,
				14BFD7FA20251B230028FADB /* Roboto-Regular.ttf in Resources */,
				146FE2CA202A2C6800686A62 /* NoticeTableViewCell.xib in Resources */,
				14BFD7E12024D5DD0028FADB /* Main.storyboard in Resources */,
			);
			runOnlyForDeploymentPostprocessing = 0;
		};
/* End PBXResourcesBuildPhase section */

/* Begin PBXShellScriptBuildPhase section */
		7016D4AF87B113831D9E33F3 /* [CP] Check Pods Manifest.lock */ = {
			isa = PBXShellScriptBuildPhase;
			buildActionMask = 2147483647;
			files = (
			);
			inputPaths = (
				"${PODS_PODFILE_DIR_PATH}/Podfile.lock",
				"${PODS_ROOT}/Manifest.lock",
			);
			name = "[CP] Check Pods Manifest.lock";
			outputPaths = (
				"$(DERIVED_FILE_DIR)/Pods-UR Invited-checkManifestLockResult.txt",
			);
			runOnlyForDeploymentPostprocessing = 0;
			shellPath = /bin/sh;
			shellScript = "diff \"${PODS_PODFILE_DIR_PATH}/Podfile.lock\" \"${PODS_ROOT}/Manifest.lock\" > /dev/null\nif [ $? != 0 ] ; then\n    # print error to STDERR\n    echo \"error: The sandbox is not in sync with the Podfile.lock. Run 'pod install' or update your CocoaPods installation.\" >&2\n    exit 1\nfi\n# This output is used by Xcode 'outputs' to avoid re-running this script phase.\necho \"SUCCESS\" > \"${SCRIPT_OUTPUT_FILE_0}\"\n";
			showEnvVarsInLog = 0;
		};
		85946D42A12E41BFF3216F2A /* [CP] Copy Pods Resources */ = {
			isa = PBXShellScriptBuildPhase;
			buildActionMask = 2147483647;
			files = (
			);
			inputPaths = (
			);
			name = "[CP] Copy Pods Resources";
			outputPaths = (
			);
			runOnlyForDeploymentPostprocessing = 0;
			shellPath = /bin/sh;
			shellScript = "\"${SRCROOT}/Pods/Target Support Files/Pods-UR Invited/Pods-UR Invited-resources.sh\"\n";
			showEnvVarsInLog = 0;
		};
		A823E979F5FD0712F17F3954 /* [CP] Embed Pods Frameworks */ = {
			isa = PBXShellScriptBuildPhase;
			buildActionMask = 2147483647;
			files = (
			);
			inputPaths = (
				"${SRCROOT}/Pods/Target Support Files/Pods-UR Invited/Pods-UR Invited-frameworks.sh",
				"${BUILT_PRODUCTS_DIR}/Alamofire/Alamofire.framework",
				"${BUILT_PRODUCTS_DIR}/GTMSessionFetcher/GTMSessionFetcher.framework",
				"${BUILT_PRODUCTS_DIR}/GoogleToolboxForMac/GoogleToolboxForMac.framework",
				"${BUILT_PRODUCTS_DIR}/SwiftyJSON/SwiftyJSON.framework",
				"${BUILT_PRODUCTS_DIR}/leveldb-library/leveldb.framework",
				"${BUILT_PRODUCTS_DIR}/nanopb/nanopb.framework",
			);
			name = "[CP] Embed Pods Frameworks";
			outputPaths = (
				"${TARGET_BUILD_DIR}/${FRAMEWORKS_FOLDER_PATH}/Alamofire.framework",
				"${TARGET_BUILD_DIR}/${FRAMEWORKS_FOLDER_PATH}/GTMSessionFetcher.framework",
				"${TARGET_BUILD_DIR}/${FRAMEWORKS_FOLDER_PATH}/GoogleToolboxForMac.framework",
				"${TARGET_BUILD_DIR}/${FRAMEWORKS_FOLDER_PATH}/SwiftyJSON.framework",
				"${TARGET_BUILD_DIR}/${FRAMEWORKS_FOLDER_PATH}/leveldb.framework",
				"${TARGET_BUILD_DIR}/${FRAMEWORKS_FOLDER_PATH}/nanopb.framework",
			);
			runOnlyForDeploymentPostprocessing = 0;
			shellPath = /bin/sh;
			shellScript = "\"${SRCROOT}/Pods/Target Support Files/Pods-UR Invited/Pods-UR Invited-frameworks.sh\"\n";
			showEnvVarsInLog = 0;
		};
/* End PBXShellScriptBuildPhase section */

/* Begin PBXSourcesBuildPhase section */
		14BFD7D42024D5DD0028FADB /* Sources */ = {
			isa = PBXSourcesBuildPhase;
			buildActionMask = 2147483647;
			files = (
				14BFD7F320250B7D0028FADB /* GroupViewController.swift in Sources */,
				14BFD7DC2024D5DD0028FADB /* AppDelegate.swift in Sources */,
				146FE2C9202A2C6800686A62 /* NoticeTableViewCell.swift in Sources */,
				14541E212044B7B800A32350 /* Group.swift in Sources */,
				14BFD7F7202510540028FADB /* ChatViewController.swift in Sources */,
				149328E7203344A30095AE91 /* MessageTableViewCell.swift in Sources */,
				14541E272044BF0800A32350 /* ProfileViewController.swift in Sources */,
				146FE2C1202A045B00686A62 /* TabBarViewController.swift in Sources */,
				146FE2D6202A4AEE00686A62 /* Message.swift in Sources */,
				14541E182044812A00A32350 /* DataService.swift in Sources */,
				14541E1B2044A59300A32350 /* UIViewExtensions.swift in Sources */,
				149328DF2032040D0095AE91 /* GroupTableViewCell.swift in Sources */,
				14BFD7F520250F400028FADB /* EventViewController.swift in Sources */,
				14541E232044BC0E00A32350 /* AuthViewController.swift in Sources */,
				14541E1F2044B5B000A32350 /* AuthService.swift in Sources */,
			);
			runOnlyForDeploymentPostprocessing = 0;
		};
/* End PBXSourcesBuildPhase section */

/* Begin PBXVariantGroup section */
		14BFD7DF2024D5DD0028FADB /* Main.storyboard */ = {
			isa = PBXVariantGroup;
			children = (
				14BFD7E02024D5DD0028FADB /* Base */,
			);
			name = Main.storyboard;
			sourceTree = "<group>";
		};
		14BFD7E42024D5DD0028FADB /* LaunchScreen.storyboard */ = {
			isa = PBXVariantGroup;
			children = (
				14BFD7E52024D5DD0028FADB /* Base */,
			);
			name = LaunchScreen.storyboard;
			sourceTree = "<group>";
		};
/* End PBXVariantGroup section */

/* Begin XCBuildConfiguration section */
		14BFD7E82024D5DD0028FADB /* Debug */ = {
			isa = XCBuildConfiguration;
			buildSettings = {
				ALWAYS_SEARCH_USER_PATHS = NO;
				CLANG_ANALYZER_NONNULL = YES;
				CLANG_ANALYZER_NUMBER_OBJECT_CONVERSION = YES_AGGRESSIVE;
				CLANG_CXX_LANGUAGE_STANDARD = "gnu++14";
				CLANG_CXX_LIBRARY = "libc++";
				CLANG_ENABLE_MODULES = YES;
				CLANG_ENABLE_OBJC_ARC = YES;
				CLANG_WARN_BLOCK_CAPTURE_AUTORELEASING = YES;
				CLANG_WARN_BOOL_CONVERSION = YES;
				CLANG_WARN_COMMA = YES;
				CLANG_WARN_CONSTANT_CONVERSION = YES;
				CLANG_WARN_DIRECT_OBJC_ISA_USAGE = YES_ERROR;
				CLANG_WARN_DOCUMENTATION_COMMENTS = YES;
				CLANG_WARN_EMPTY_BODY = YES;
				CLANG_WARN_ENUM_CONVERSION = YES;
				CLANG_WARN_INFINITE_RECURSION = YES;
				CLANG_WARN_INT_CONVERSION = YES;
				CLANG_WARN_NON_LITERAL_NULL_CONVERSION = YES;
				CLANG_WARN_OBJC_LITERAL_CONVERSION = YES;
				CLANG_WARN_OBJC_ROOT_CLASS = YES_ERROR;
				CLANG_WARN_RANGE_LOOP_ANALYSIS = YES;
				CLANG_WARN_STRICT_PROTOTYPES = YES;
				CLANG_WARN_SUSPICIOUS_MOVE = YES;
				CLANG_WARN_UNGUARDED_AVAILABILITY = YES_AGGRESSIVE;
				CLANG_WARN_UNREACHABLE_CODE = YES;
				CLANG_WARN__DUPLICATE_METHOD_MATCH = YES;
				CODE_SIGN_IDENTITY = "iPhone Developer";
				COPY_PHASE_STRIP = NO;
				DEBUG_INFORMATION_FORMAT = dwarf;
				ENABLE_STRICT_OBJC_MSGSEND = YES;
				ENABLE_TESTABILITY = YES;
				GCC_C_LANGUAGE_STANDARD = gnu11;
				GCC_DYNAMIC_NO_PIC = NO;
				GCC_NO_COMMON_BLOCKS = YES;
				GCC_OPTIMIZATION_LEVEL = 0;
				GCC_PREPROCESSOR_DEFINITIONS = (
					"DEBUG=1",
					"$(inherited)",
				);
				GCC_WARN_64_TO_32_BIT_CONVERSION = YES;
				GCC_WARN_ABOUT_RETURN_TYPE = YES_ERROR;
				GCC_WARN_UNDECLARED_SELECTOR = YES;
				GCC_WARN_UNINITIALIZED_AUTOS = YES_AGGRESSIVE;
				GCC_WARN_UNUSED_FUNCTION = YES;
				GCC_WARN_UNUSED_VARIABLE = YES;
				IPHONEOS_DEPLOYMENT_TARGET = 11.2;
				MTL_ENABLE_DEBUG_INFO = YES;
				ONLY_ACTIVE_ARCH = YES;
				SDKROOT = iphoneos;
				SWIFT_ACTIVE_COMPILATION_CONDITIONS = DEBUG;
				SWIFT_OPTIMIZATION_LEVEL = "-Onone";
			};
			name = Debug;
		};
		14BFD7E92024D5DD0028FADB /* Release */ = {
			isa = XCBuildConfiguration;
			buildSettings = {
				ALWAYS_SEARCH_USER_PATHS = NO;
				CLANG_ANALYZER_NONNULL = YES;
				CLANG_ANALYZER_NUMBER_OBJECT_CONVERSION = YES_AGGRESSIVE;
				CLANG_CXX_LANGUAGE_STANDARD = "gnu++14";
				CLANG_CXX_LIBRARY = "libc++";
				CLANG_ENABLE_MODULES = YES;
				CLANG_ENABLE_OBJC_ARC = YES;
				CLANG_WARN_BLOCK_CAPTURE_AUTORELEASING = YES;
				CLANG_WARN_BOOL_CONVERSION = YES;
				CLANG_WARN_COMMA = YES;
				CLANG_WARN_CONSTANT_CONVERSION = YES;
				CLANG_WARN_DIRECT_OBJC_ISA_USAGE = YES_ERROR;
				CLANG_WARN_DOCUMENTATION_COMMENTS = YES;
				CLANG_WARN_EMPTY_BODY = YES;
				CLANG_WARN_ENUM_CONVERSION = YES;
				CLANG_WARN_INFINITE_RECURSION = YES;
				CLANG_WARN_INT_CONVERSION = YES;
				CLANG_WARN_NON_LITERAL_NULL_CONVERSION = YES;
				CLANG_WARN_OBJC_LITERAL_CONVERSION = YES;
				CLANG_WARN_OBJC_ROOT_CLASS = YES_ERROR;
				CLANG_WARN_RANGE_LOOP_ANALYSIS = YES;
				CLANG_WARN_STRICT_PROTOTYPES = YES;
				CLANG_WARN_SUSPICIOUS_MOVE = YES;
				CLANG_WARN_UNGUARDED_AVAILABILITY = YES_AGGRESSIVE;
				CLANG_WARN_UNREACHABLE_CODE = YES;
				CLANG_WARN__DUPLICATE_METHOD_MATCH = YES;
				CODE_SIGN_IDENTITY = "iPhone Developer";
				COPY_PHASE_STRIP = NO;
				DEBUG_INFORMATION_FORMAT = "dwarf-with-dsym";
				ENABLE_NS_ASSERTIONS = NO;
				ENABLE_STRICT_OBJC_MSGSEND = YES;
				GCC_C_LANGUAGE_STANDARD = gnu11;
				GCC_NO_COMMON_BLOCKS = YES;
				GCC_WARN_64_TO_32_BIT_CONVERSION = YES;
				GCC_WARN_ABOUT_RETURN_TYPE = YES_ERROR;
				GCC_WARN_UNDECLARED_SELECTOR = YES;
				GCC_WARN_UNINITIALIZED_AUTOS = YES_AGGRESSIVE;
				GCC_WARN_UNUSED_FUNCTION = YES;
				GCC_WARN_UNUSED_VARIABLE = YES;
				IPHONEOS_DEPLOYMENT_TARGET = 11.2;
				MTL_ENABLE_DEBUG_INFO = NO;
				SDKROOT = iphoneos;
				SWIFT_OPTIMIZATION_LEVEL = "-Owholemodule";
				VALIDATE_PRODUCT = YES;
			};
			name = Release;
		};
		14BFD7EB2024D5DD0028FADB /* Debug */ = {
			isa = XCBuildConfiguration;
			baseConfigurationReference = 7BA778D5E3DB154AC1EDABB5 /* Pods-UR Invited.debug.xcconfig */;
			buildSettings = {
				ASSETCATALOG_COMPILER_APPICON_NAME = AppIcon;
				CODE_SIGN_STYLE = Automatic;
				DEVELOPMENT_TEAM = 38247YN4DM;
				INFOPLIST_FILE = "UR Invited/Supporting Files/Info.plist";
				LD_RUNPATH_SEARCH_PATHS = "$(inherited) @executable_path/Frameworks";
				PRODUCT_BUNDLE_IDENTIFIER = "com.mjinvited.UR-Invited";
				PRODUCT_NAME = "$(TARGET_NAME)";
				SWIFT_VERSION = 4.0;
				TARGETED_DEVICE_FAMILY = "1,2";
			};
			name = Debug;
		};
		14BFD7EC2024D5DD0028FADB /* Release */ = {
			isa = XCBuildConfiguration;
			baseConfigurationReference = 38516628B03175CE2D1C1E7B /* Pods-UR Invited.release.xcconfig */;
			buildSettings = {
				ASSETCATALOG_COMPILER_APPICON_NAME = AppIcon;
				CODE_SIGN_STYLE = Automatic;
				DEVELOPMENT_TEAM = 38247YN4DM;
				INFOPLIST_FILE = "UR Invited/Supporting Files/Info.plist";
				LD_RUNPATH_SEARCH_PATHS = "$(inherited) @executable_path/Frameworks";
				PRODUCT_BUNDLE_IDENTIFIER = "com.mjinvited.UR-Invited";
				PRODUCT_NAME = "$(TARGET_NAME)";
				SWIFT_VERSION = 4.0;
				TARGETED_DEVICE_FAMILY = "1,2";
			};
			name = Release;
		};
/* End XCBuildConfiguration section */

/* Begin XCConfigurationList section */
		14BFD7D32024D5DD0028FADB /* Build configuration list for PBXProject "UR Invited" */ = {
			isa = XCConfigurationList;
			buildConfigurations = (
				14BFD7E82024D5DD0028FADB /* Debug */,
				14BFD7E92024D5DD0028FADB /* Release */,
			);
			defaultConfigurationIsVisible = 0;
			defaultConfigurationName = Release;
		};
		14BFD7EA2024D5DD0028FADB /* Build configuration list for PBXNativeTarget "UR Invited" */ = {
			isa = XCConfigurationList;
			buildConfigurations = (
				14BFD7EB2024D5DD0028FADB /* Debug */,
				14BFD7EC2024D5DD0028FADB /* Release */,
			);
			defaultConfigurationIsVisible = 0;
			defaultConfigurationName = Release;
		};
/* End XCConfigurationList section */
	};
	rootObject = 14BFD7D02024D5DD0028FADB /* Project object */;
}
